
Microsoft Visual Studio Solution File, Format Version 12.00
# Visual Studio Version 16
VisualStudioVersion = 16.0.30804.86
MinimumVisualStudioVersion = 10.0.40219.1
Project("{9A19103F-16F7-4668-BE54-9A1E7A4F7556}") = "ContactsAPI.Web", "ContactsAPI.Web\ContactsAPI.Web.csproj", "{F9365F56-98E4-4A9F-9087-5A387B5F83C1}"
EndProject
Project("{9A19103F-16F7-4668-BE54-9A1E7A4F7556}") = "ContactsAPI.Data", "..\Data\ContactsAPI.Data\ContactsAPI.Data.csproj", "{3061A9B5-C8D8-47CD-AE24-D0FFB127F57D}"
EndProject
Project("{9A19103F-16F7-4668-BE54-9A1E7A4F7556}") = "ContactsAPI.Services", "..\Services\ContactsAPI.Services\ContactsAPI.Services.csproj", "{18D401F9-FAE4-4198-92F6-1ADB309FA553}"
EndProject
Project("{FAE04EC0-301F-11D3-BF4B-00C04F79EFBC}") = "ContactsAPI.Tests", "..\ContactsAPI.Tests\ContactsAPI.Tests.csproj", "{35DA204F-7E0E-43BC-A9E4-567A76E6B1B5}"
EndProject
Global
	GlobalSection(SolutionConfigurationPlatforms) = preSolution
		Debug|Any CPU = Debug|Any CPU
		Release|Any CPU = Release|Any CPU
	EndGlobalSection
	GlobalSection(ProjectConfigurationPlatforms) = postSolution
		{F9365F56-98E4-4A9F-9087-5A387B5F83C1}.Debug|Any CPU.ActiveCfg = Debug|Any CPU
		{F9365F56-98E4-4A9F-9087-5A387B5F83C1}.Debug|Any CPU.Build.0 = Debug|Any CPU
		{F9365F56-98E4-4A9F-9087-5A387B5F83C1}.Release|Any CPU.ActiveCfg = Release|Any CPU
		{F9365F56-98E4-4A9F-9087-5A387B5F83C1}.Release|Any CPU.Build.0 = Release|Any CPU
		{3061A9B5-C8D8-47CD-AE24-D0FFB127F57D}.Debug|Any CPU.ActiveCfg = Debug|Any CPU
		{3061A9B5-C8D8-47CD-AE24-D0FFB127F57D}.Debug|Any CPU.Build.0 = Debug|Any CPU
		{3061A9B5-C8D8-47CD-AE24-D0FFB127F57D}.Release|Any CPU.ActiveCfg = Release|Any CPU
		{3061A9B5-C8D8-47CD-AE24-D0FFB127F57D}.Release|Any CPU.Build.0 = Release|Any CPU
		{18D401F9-FAE4-4198-92F6-1ADB309FA553}.Debug|Any CPU.ActiveCfg = Debug|Any CPU
		{18D401F9-FAE4-4198-92F6-1ADB309FA553}.Debug|Any CPU.Build.0 = Debug|Any CPU
		{18D401F9-FAE4-4198-92F6-1ADB309FA553}.Release|Any CPU.ActiveCfg = Release|Any CPU
		{18D401F9-FAE4-4198-92F6-1ADB309FA553}.Release|Any CPU.Build.0 = Release|Any CPU
		{35DA204F-7E0E-43BC-A9E4-567A76E6B1B5}.Debug|Any CPU.ActiveCfg = Debug|Any CPU
		{35DA204F-7E0E-43BC-A9E4-567A76E6B1B5}.Debug|Any CPU.Build.0 = Debug|Any CPU
		{35DA204F-7E0E-43BC-A9E4-567A76E6B1B5}.Release|Any CPU.ActiveCfg = Release|Any CPU
		{35DA204F-7E0E-43BC-A9E4-567A76E6B1B5}.Release|Any CPU.Build.0 = Release|Any CPU
	EndGlobalSection
	GlobalSection(SolutionProperties) = preSolution
		HideSolutionNode = FALSE
	EndGlobalSection
	GlobalSection(ExtensibilityGlobals) = postSolution
		SolutionGuid = {8D26EB7E-7166-4B78-8CFA-0DF7281D69C7}
	EndGlobalSection
EndGlobal
